# This file is automatically @generated by Cargo.
# It is not intended for manual editing.
version = 3

[[package]]
name = "addr2line"
version = "0.17.0"
source = "registry+https://github.com/rust-lang/crates.io-index"
checksum = "b9ecd88a8c8378ca913a680cd98f0f13ac67383d35993f86c90a70e3f137816b"
dependencies = [
 "gimli",
]

[[package]]
name = "adler"
version = "1.0.2"
source = "registry+https://github.com/rust-lang/crates.io-index"
checksum = "f26201604c87b1e01bd3d98f8d5d9a8fcbb815e8cedb41ffccbeb4bf593a35fe"

[[package]]
name = "android_glue"
version = "0.2.3"
source = "registry+https://github.com/rust-lang/crates.io-index"
checksum = "000444226fcff248f2bc4c7625be32c63caccfecc2723a2b9f78a7487a49c407"

[[package]]
name = "autocfg"
version = "1.1.0"
source = "registry+https://github.com/rust-lang/crates.io-index"
checksum = "d468802bab17cbc0cc575e9b053f41e72aa36bfa6b7f55e3529ffa43161b97fa"

[[package]]
name = "backtrace"
version = "0.3.65"
source = "registry+https://github.com/rust-lang/crates.io-index"
checksum = "11a17d453482a265fd5f8479f2a3f405566e6ca627837aaddb85af8b1ab8ef61"
dependencies = [
 "addr2line",
 "cc",
 "cfg-if 1.0.0",
 "libc",
 "miniz_oxide",
 "object",
 "rustc-demangle",
]

[[package]]
name = "bitflags"
version = "1.3.2"
source = "registry+https://github.com/rust-lang/crates.io-index"
checksum = "bef38d45163c2f1dde094a7dfd33ccf595c92905c8f8f4fdc18d06fb1037718a"

[[package]]
name = "block"
version = "0.1.6"
source = "registry+https://github.com/rust-lang/crates.io-index"
checksum = "0d8c1fef690941d3e7788d328517591fecc684c084084702d6ff1641e993699a"

[[package]]
name = "byteorder"
version = "1.4.3"
source = "registry+https://github.com/rust-lang/crates.io-index"
checksum = "14c189c53d098945499cdfa7ecc63567cf3886b3332b312a5b4585d8d3a6a610"

[[package]]
name = "bytes"
version = "0.4.12"
source = "registry+https://github.com/rust-lang/crates.io-index"
checksum = "206fdffcfa2df7cbe15601ef46c813fce0965eb3286db6b56c583b814b51c81c"
dependencies = [
 "byteorder",
 "iovec",
]

[[package]]
name = "cc"
version = "1.0.73"
source = "registry+https://github.com/rust-lang/crates.io-index"
checksum = "2fff2a6927b3bb87f9595d67196a70493f627687a71d87a0d692242c33f58c11"

[[package]]
name = "cfg-if"
version = "0.1.10"
source = "registry+https://github.com/rust-lang/crates.io-index"
checksum = "4785bdd1c96b2a846b2bd7cc02e86b6b3dbf14e7e53446c4f54c92a361040822"

[[package]]
name = "cfg-if"
version = "1.0.0"
source = "registry+https://github.com/rust-lang/crates.io-index"
checksum = "baf1de4339761588bc0619e3cbc0120ee582ebb74b53b4efbf79117bd2da40fd"

[[package]]
name = "cgl"
version = "0.2.3"
source = "registry+https://github.com/rust-lang/crates.io-index"
checksum = "55e7ec0b74fe5897894cbc207092c577e87c52f8a59e8ca8d97ef37551f60a49"
dependencies = [
 "gleam",
 "libc",
]

[[package]]
name = "cloudabi"
version = "0.0.3"
source = "registry+https://github.com/rust-lang/crates.io-index"
checksum = "ddfc5b9aa5d4507acaf872de71051dfd0e309860e88966e1051e462a077aac4f"
dependencies = [
 "bitflags",
]

[[package]]
name = "cocoa"
version = "0.15.0"
source = "registry+https://github.com/rust-lang/crates.io-index"
checksum = "7b44bd25bd275e9d74a5dff8ca55f2fb66c9ad5e12170d58697701df21a56e0e"
dependencies = [
 "bitflags",
 "block",
 "core-graphics",
 "libc",
 "objc",
]

[[package]]
name = "core-foundation"
version = "0.6.4"
source = "registry+https://github.com/rust-lang/crates.io-index"
checksum = "25b9e03f145fd4f2bf705e07b900cd41fc636598fe5dc452fd0db1441c3f496d"
dependencies = [
 "core-foundation-sys",
 "libc",
]

[[package]]
name = "core-foundation-sys"
version = "0.6.2"
source = "registry+https://github.com/rust-lang/crates.io-index"
checksum = "e7ca8a5221364ef15ce201e8ed2f609fc312682a8f4e0e3d4aa5879764e0fa3b"

[[package]]
name = "core-graphics"
version = "0.14.0"
source = "registry+https://github.com/rust-lang/crates.io-index"
checksum = "e54c4ab33705fa1fc8af375bb7929d68e1c1546c1ecef408966d8c3e49a1d84a"
dependencies = [
 "bitflags",
 "core-foundation",
 "foreign-types",
 "libc",
]

[[package]]
name = "crossbeam-deque"
version = "0.7.4"
source = "registry+https://github.com/rust-lang/crates.io-index"
checksum = "c20ff29ded3204c5106278a81a38f4b482636ed4fa1e6cfbeef193291beb29ed"
dependencies = [
 "crossbeam-epoch",
 "crossbeam-utils",
 "maybe-uninit",
]

[[package]]
name = "crossbeam-epoch"
version = "0.8.2"
source = "registry+https://github.com/rust-lang/crates.io-index"
checksum = "058ed274caafc1f60c4997b5fc07bf7dc7cca454af7c6e81edffe5f33f70dace"
dependencies = [
 "autocfg",
 "cfg-if 0.1.10",
 "crossbeam-utils",
 "lazy_static",
 "maybe-uninit",
 "memoffset",
 "scopeguard 1.1.0",
]

[[package]]
name = "crossbeam-queue"
version = "0.2.3"
source = "registry+https://github.com/rust-lang/crates.io-index"
checksum = "774ba60a54c213d409d5353bda12d49cd68d14e45036a285234c8d6f91f92570"
dependencies = [
 "cfg-if 0.1.10",
 "crossbeam-utils",
 "maybe-uninit",
]

[[package]]
name = "crossbeam-utils"
version = "0.7.2"
source = "registry+https://github.com/rust-lang/crates.io-index"
checksum = "c3c7c73a2d1e9fc0886a08b93e98eb643461230d5f1925e4036204d5f2e261a8"
dependencies = [
 "autocfg",
 "cfg-if 0.1.10",
 "lazy_static",
]

[[package]]
name = "dlib"
version = "0.4.2"
source = "registry+https://github.com/rust-lang/crates.io-index"
checksum = "b11f15d1e3268f140f68d390637d5e76d849782d971ae7063e0da69fe9709a76"
dependencies = [
 "libloading",
]

[[package]]
name = "downcast-rs"
version = "1.2.0"
source = "registry+https://github.com/rust-lang/crates.io-index"
checksum = "9ea835d29036a4087793836fa931b08837ad5e957da9e23886b29586fb9b6650"

[[package]]
name = "error-chain"
version = "0.12.4"
source = "registry+https://github.com/rust-lang/crates.io-index"
checksum = "2d2f06b9cac1506ece98fe3231e3cc9c4410ec3d5b1f24ae1c8946f0742cdefc"
dependencies = [
 "backtrace",
 "version_check",
]

[[package]]
name = "fastrand"
version = "1.7.0"
source = "registry+https://github.com/rust-lang/crates.io-index"
checksum = "c3fcf0cee53519c866c09b5de1f6c56ff9d647101f81c1964fa632e148896cdf"
dependencies = [
 "instant",
]

[[package]]
name = "fnv"
version = "1.0.7"
source = "registry+https://github.com/rust-lang/crates.io-index"
checksum = "3f9eec918d3f24069decb9af1554cad7c880e2da24a9afd88aca000531ab82c1"

[[package]]
name = "foreign-types"
version = "0.3.2"
source = "registry+https://github.com/rust-lang/crates.io-index"
checksum = "f6f339eb8adc052cd2ca78910fda869aefa38d22d5cb648e6485e4d3fc06f3b1"
dependencies = [
 "foreign-types-shared",
]

[[package]]
name = "foreign-types-shared"
version = "0.1.1"
source = "registry+https://github.com/rust-lang/crates.io-index"
checksum = "00b0228411908ca8685dba7fc2cdd70ec9990a6e753e89b6ac91a84c40fbaf4b"

[[package]]
name = "fuchsia-cprng"
version = "0.1.1"
source = "registry+https://github.com/rust-lang/crates.io-index"
checksum = "a06f77d526c1a601b7c4cdd98f54b5eaabffc14d5f2f0296febdc7f357c6d3ba"

[[package]]
name = "fuchsia-zircon"
version = "0.3.3"
source = "registry+https://github.com/rust-lang/crates.io-index"
checksum = "2e9763c69ebaae630ba35f74888db465e49e259ba1bc0eda7d06f4a067615d82"
dependencies = [
 "bitflags",
 "fuchsia-zircon-sys",
]

[[package]]
name = "fuchsia-zircon-sys"
version = "0.3.3"
source = "registry+https://github.com/rust-lang/crates.io-index"
checksum = "3dcaa9ae7725d12cdb85b3ad99a434db70b468c09ded17e012d86b5c1010f7a7"

[[package]]
name = "futures"
version = "0.1.31"
source = "registry+https://github.com/rust-lang/crates.io-index"
checksum = "3a471a38ef8ed83cd6e40aa59c1ffe17db6855c18e3604d9c4ed8c08ebc28678"

[[package]]
name = "gimli"
version = "0.26.1"
source = "registry+https://github.com/rust-lang/crates.io-index"
checksum = "78cc372d058dcf6d5ecd98510e7fbc9e5aec4d21de70f65fea8fecebcd881bd4"

[[package]]
name = "gl_generator"
version = "0.9.0"
source = "registry+https://github.com/rust-lang/crates.io-index"
checksum = "7a795170cbd85b5a7baa58d6d7525cae6a03e486859860c220f7ebbbdd379d0a"
dependencies = [
 "khronos_api 2.2.0",
 "log 0.4.17",
 "xml-rs 0.7.0",
]

[[package]]
name = "gl_generator"
version = "0.13.1"
source = "registry+https://github.com/rust-lang/crates.io-index"
checksum = "ca98bbde17256e02d17336a6bdb5a50f7d0ccacee502e191d3e3d0ec2f96f84a"
dependencies = [
 "khronos_api 3.1.0",
 "log 0.4.17",
 "xml-rs 0.8.4",
]

[[package]]
name = "gleam"
version = "0.6.19"
source = "registry+https://github.com/rust-lang/crates.io-index"
checksum = "cae10d7c99d0e77b4766e850a60898a17c1abaf01075531f1066f03dc7dc5fc5"
dependencies = [
 "gl_generator 0.13.1",
]

[[package]]
name = "glium"
version = "0.22.0"
source = "registry+https://github.com/rust-lang/crates.io-index"
checksum = "6ec8f9506ee0379c931299f280a6e06767b0dc6ac0f1890cf1cb6c30d600fca5"
dependencies = [
 "backtrace",
 "fnv",
 "gl_generator 0.9.0",
 "glutin",
 "lazy_static",
 "smallvec 0.6.14",
]

[[package]]
name = "glutin"
version = "0.17.0"
source = "registry+https://github.com/rust-lang/crates.io-index"
checksum = "a70c5fe78efbd5a3b243a804ea1032053c584510f8822819f94cfb29b2100317"
dependencies = [
 "android_glue",
 "cgl",
 "cocoa",
 "core-foundation",
 "core-graphics",
 "gl_generator 0.9.0",
 "lazy_static",
 "libc",
 "objc",
 "osmesa-sys",
 "shared_library",
 "wayland-client",
 "winapi 0.3.9",
 "winit",
 "x11-dl",
]

[[package]]
name = "hermit-abi"
version = "0.1.19"
source = "registry+https://github.com/rust-lang/crates.io-index"
checksum = "62b467343b94ba476dcb2500d242dadbb39557df889310ac77c5d99100aaac33"
dependencies = [
 "libc",
]

[[package]]
name = "instant"
version = "0.1.12"
source = "registry+https://github.com/rust-lang/crates.io-index"
checksum = "7a5bbe824c507c5da5956355e86a746d82e0e1464f65d862cc5e71da70e94b2c"
dependencies = [
 "cfg-if 1.0.0",
]

[[package]]
name = "iovec"
version = "0.1.4"
source = "registry+https://github.com/rust-lang/crates.io-index"
checksum = "b2b3ea6ff95e175473f8ffe6a7eb7c00d054240321b84c57051175fe3c1e075e"
dependencies = [
 "libc",
]

[[package]]
name = "itoa"
version = "1.0.2"
source = "registry+https://github.com/rust-lang/crates.io-index"
checksum = "112c678d4050afce233f4f2852bb2eb519230b3cf12f33585275537d7e41578d"

[[package]]
name = "kernel32-sys"
version = "0.2.2"
source = "registry+https://github.com/rust-lang/crates.io-index"
checksum = "7507624b29483431c0ba2d82aece8ca6cdba9382bff4ddd0f7490560c056098d"
dependencies = [
 "winapi 0.2.8",
 "winapi-build",
]

[[package]]
name = "khronos_api"
version = "2.2.0"
source = "registry+https://github.com/rust-lang/crates.io-index"
checksum = "037ab472c33f67b5fbd3e9163a2645319e5356fcd355efa6d4eb7fff4bbcb554"

[[package]]
name = "khronos_api"
version = "3.1.0"
source = "registry+https://github.com/rust-lang/crates.io-index"
checksum = "e2db585e1d738fc771bf08a151420d3ed193d9d895a36df7f6f8a9456b911ddc"

[[package]]
name = "lazy_static"
version = "1.4.0"
source = "registry+https://github.com/rust-lang/crates.io-index"
checksum = "e2abad23fbc42b3700f2f279844dc832adb2b2eb069b2df918f455c4e18cc646"

[[package]]
name = "libc"
version = "0.2.126"
source = "registry+https://github.com/rust-lang/crates.io-index"
checksum = "349d5a591cd28b49e1d1037471617a32ddcda5731b99419008085f72d5a53836"

[[package]]
name = "libloading"
version = "0.6.7"
source = "registry+https://github.com/rust-lang/crates.io-index"
checksum = "351a32417a12d5f7e82c368a66781e307834dae04c6ce0cd4456d52989229883"
dependencies = [
 "cfg-if 1.0.0",
 "winapi 0.3.9",
]

[[package]]
name = "lock_api"
version = "0.1.5"
source = "registry+https://github.com/rust-lang/crates.io-index"
checksum = "62ebf1391f6acad60e5c8b43706dde4582df75c06698ab44511d15016bc2442c"
dependencies = [
 "owning_ref",
 "scopeguard 0.3.3",
]

[[package]]
name = "lock_api"
version = "0.3.4"
source = "registry+https://github.com/rust-lang/crates.io-index"
checksum = "c4da24a77a3d8a6d4862d95f72e6fdb9c09a643ecdb402d754004a557f2bec75"
dependencies = [
 "scopeguard 1.1.0",
]

[[package]]
name = "log"
version = "0.3.9"
source = "registry+https://github.com/rust-lang/crates.io-index"
checksum = "e19e8d5c34a3e0e2223db8e060f9e8264aeeb5c5fc64a4ee9965c062211c024b"
dependencies = [
 "log 0.4.17",
]

[[package]]
name = "log"
version = "0.4.17"
source = "registry+https://github.com/rust-lang/crates.io-index"
checksum = "abb12e687cfb44aa40f41fc3978ef76448f9b6038cad6aef4259d3c095a2382e"
dependencies = [
 "cfg-if 1.0.0",
]

[[package]]
name = "malloc_buf"
version = "0.0.6"
source = "registry+https://github.com/rust-lang/crates.io-index"
checksum = "62bb907fe88d54d8d9ce32a3cceab4218ed2f6b7d35617cafe9adf84e43919cb"
dependencies = [
 "libc",
]

[[package]]
name = "maybe-uninit"
version = "2.0.0"
source = "registry+https://github.com/rust-lang/crates.io-index"
checksum = "60302e4db3a61da70c0cb7991976248362f30319e88850c487b9b95bbf059e00"

[[package]]
name = "memchr"
version = "2.5.0"
source = "registry+https://github.com/rust-lang/crates.io-index"
checksum = "2dffe52ecf27772e601905b7522cb4ef790d2cc203488bbd0e2fe85fcb74566d"

[[package]]
name = "memmap"
version = "0.6.2"
source = "registry+https://github.com/rust-lang/crates.io-index"
checksum = "e2ffa2c986de11a9df78620c01eeaaf27d94d3ff02bf81bfcca953102dd0c6ff"
dependencies = [
 "libc",
 "winapi 0.3.9",
]

[[package]]
name = "memoffset"
version = "0.5.6"
source = "registry+https://github.com/rust-lang/crates.io-index"
checksum = "043175f069eda7b85febe4a74abbaeff828d9f8b448515d3151a14a3542811aa"
dependencies = [
 "autocfg",
]

[[package]]
name = "miniz_oxide"
version = "0.5.3"
source = "registry+https://github.com/rust-lang/crates.io-index"
checksum = "6f5c75688da582b8ffc1f1799e9db273f32133c49e048f614d22ec3256773ccc"
dependencies = [
 "adler",
]

[[package]]
name = "mio"
version = "0.6.23"
source = "registry+https://github.com/rust-lang/crates.io-index"
checksum = "4afd66f5b91bf2a3bc13fad0e21caedac168ca4c707504e75585648ae80e4cc4"
dependencies = [
 "cfg-if 0.1.10",
 "fuchsia-zircon",
 "fuchsia-zircon-sys",
 "iovec",
 "kernel32-sys",
 "libc",
 "log 0.4.17",
 "miow",
 "net2",
 "slab 0.4.6",
 "winapi 0.2.8",
]

[[package]]
name = "mio-uds"
version = "0.6.8"
source = "registry+https://github.com/rust-lang/crates.io-index"
checksum = "afcb699eb26d4332647cc848492bbc15eafb26f08d0304550d5aa1f612e066f0"
dependencies = [
 "iovec",
 "libc",
 "mio",
]

[[package]]
name = "miow"
version = "0.2.2"
source = "registry+https://github.com/rust-lang/crates.io-index"
checksum = "ebd808424166322d4a38da87083bfddd3ac4c131334ed55856112eb06d46944d"
dependencies = [
 "kernel32-sys",
 "net2",
 "winapi 0.2.8",
 "ws2_32-sys",
]

[[package]]
name = "net2"
version = "0.2.37"
source = "registry+https://github.com/rust-lang/crates.io-index"
checksum = "391630d12b68002ae1e25e8f974306474966550ad82dac6886fb8910c19568ae"
dependencies = [
 "cfg-if 0.1.10",
 "libc",
 "winapi 0.3.9",
]

[[package]]
name = "nix"
version = "0.11.1"
source = "registry+https://github.com/rust-lang/crates.io-index"
checksum = "becb657d662f1cd2ef38c7ad480ec6b8cf9e96b27adb543e594f9cf0f2e6065c"
dependencies = [
 "bitflags",
 "cc",
 "cfg-if 0.1.10",
 "libc",
 "void",
]

[[package]]
name = "num_cpus"
version = "1.13.1"
source = "registry+https://github.com/rust-lang/crates.io-index"
checksum = "19e64526ebdee182341572e50e9ad03965aa510cd94427a4549448f285e957a1"
dependencies = [
 "hermit-abi",
 "libc",
]

[[package]]
name = "objc"
version = "0.2.7"
source = "registry+https://github.com/rust-lang/crates.io-index"
checksum = "915b1b472bc21c53464d6c8461c9d3af805ba1ef837e1cac254428f4a77177b1"
dependencies = [
 "malloc_buf",
]

[[package]]
name = "object"
version = "0.28.4"
source = "registry+https://github.com/rust-lang/crates.io-index"
checksum = "e42c982f2d955fac81dd7e1d0e1426a7d702acd9c98d19ab01083a6a0328c424"
dependencies = [
 "memchr",
]

[[package]]
name = "osmesa-sys"
version = "0.1.2"
source = "registry+https://github.com/rust-lang/crates.io-index"
checksum = "88cfece6e95d2e717e0872a7f53a8684712ad13822a7979bc760b9c77ec0013b"
dependencies = [
 "shared_library",
]

[[package]]
name = "owning_ref"
version = "0.4.1"
source = "registry+https://github.com/rust-lang/crates.io-index"
checksum = "6ff55baddef9e4ad00f88b6c743a2a8062d4c6ade126c2a528644b8e444d52ce"
dependencies = [
 "stable_deref_trait",
]

[[package]]
name = "parking_lot"
version = "0.6.4"
source = "registry+https://github.com/rust-lang/crates.io-index"
checksum = "f0802bff09003b291ba756dc7e79313e51cc31667e94afbe847def490424cde5"
dependencies = [
 "lock_api 0.1.5",
 "parking_lot_core 0.3.1",
]

[[package]]
name = "parking_lot"
version = "0.9.0"
source = "registry+https://github.com/rust-lang/crates.io-index"
checksum = "f842b1982eb6c2fe34036a4fbfb06dd185a3f5c8edfaacdf7d1ea10b07de6252"
dependencies = [
 "lock_api 0.3.4",
 "parking_lot_core 0.6.2",
 "rustc_version",
]

[[package]]
name = "parking_lot_core"
version = "0.3.1"
source = "registry+https://github.com/rust-lang/crates.io-index"
checksum = "ad7f7e6ebdc79edff6fdcb87a55b620174f7a989e3eb31b65231f4af57f00b8c"
dependencies = [
 "libc",
 "rand 0.5.6",
 "rustc_version",
 "smallvec 0.6.14",
 "winapi 0.3.9",
]

[[package]]
name = "parking_lot_core"
version = "0.6.2"
source = "registry+https://github.com/rust-lang/crates.io-index"
checksum = "b876b1b9e7ac6e1a74a6da34d25c42e17e8862aa409cbbbdcfc8d86c6f3bc62b"
dependencies = [
 "cfg-if 0.1.10",
 "cloudabi",
 "libc",
 "redox_syscall 0.1.57",
 "rustc_version",
 "smallvec 0.6.14",
 "winapi 0.3.9",
]

[[package]]
name = "percent-encoding"
version = "1.0.1"
source = "registry+https://github.com/rust-lang/crates.io-index"
checksum = "31010dd2e1ac33d5b46a5b413495239882813e0369f8ed8a5e266f173602f831"

[[package]]
name = "pkg-config"
version = "0.3.25"
source = "registry+https://github.com/rust-lang/crates.io-index"
checksum = "1df8c4ec4b0627e53bdf214615ad287367e482558cf84b109250b37464dc03ae"

[[package]]
name = "proc-macro2"
version = "1.0.40"
source = "registry+https://github.com/rust-lang/crates.io-index"
checksum = "dd96a1e8ed2596c337f8eae5f24924ec83f5ad5ab21ea8e455d3566c69fbcaf7"
dependencies = [
 "unicode-ident",
]

[[package]]
name = "quote"
version = "1.0.20"
source = "registry+https://github.com/rust-lang/crates.io-index"
checksum = "3bcdf212e9776fbcb2d23ab029360416bb1706b1aea2d1a5ba002727cbcab804"
dependencies = [
 "proc-macro2",
]

[[package]]
name = "rand"
version = "0.3.23"
source = "registry+https://github.com/rust-lang/crates.io-index"
checksum = "64ac302d8f83c0c1974bf758f6b041c6c8ada916fbb44a609158ca8b064cc76c"
dependencies = [
 "libc",
 "rand 0.4.6",
]

[[package]]
name = "rand"
version = "0.4.6"
source = "registry+https://github.com/rust-lang/crates.io-index"
checksum = "552840b97013b1a26992c11eac34bdd778e464601a4c2054b5f0bff7c6761293"
dependencies = [
 "fuchsia-cprng",
 "libc",
 "rand_core 0.3.1",
 "rdrand",
 "winapi 0.3.9",
]

[[package]]
name = "rand"
version = "0.5.6"
source = "registry+https://github.com/rust-lang/crates.io-index"
checksum = "c618c47cd3ebd209790115ab837de41425723956ad3ce2e6a7f09890947cacb9"
dependencies = [
 "cloudabi",
 "fuchsia-cprng",
 "libc",
 "rand_core 0.3.1",
 "winapi 0.3.9",
]

[[package]]
name = "rand_core"
version = "0.3.1"
source = "registry+https://github.com/rust-lang/crates.io-index"
checksum = "7a6fdeb83b075e8266dcc8762c22776f6877a63111121f5f8c7411e5be7eed4b"
dependencies = [
 "rand_core 0.4.2",
]

[[package]]
name = "rand_core"
version = "0.4.2"
source = "registry+https://github.com/rust-lang/crates.io-index"
checksum = "9c33a3c44ca05fa6f1807d8e6743f3824e8509beca625669633be0acbdf509dc"

[[package]]
name = "rbattle"
version = "0.1.0"
dependencies = [
 "bytes",
 "error-chain",
 "futures",
 "glium",
 "rand 0.5.6",
 "serde",
 "serde_derive",
 "serde_json",
 "tokio-codec",
 "tokio-core",
 "tokio-io",
 "tokio-proto",
 "tokio-service",
]

[[package]]
name = "rdrand"
version = "0.4.0"
source = "registry+https://github.com/rust-lang/crates.io-index"
checksum = "678054eb77286b51581ba43620cc911abf02758c91f93f479767aed0f90458b2"
dependencies = [
 "rand_core 0.3.1",
]

[[package]]
name = "redox_syscall"
version = "0.1.57"
source = "registry+https://github.com/rust-lang/crates.io-index"
checksum = "41cc0f7e4d5d4544e8861606a285bb08d3e70712ccc7d2b84d7c0ccfaf4b05ce"

[[package]]
name = "redox_syscall"
version = "0.2.13"
source = "registry+https://github.com/rust-lang/crates.io-index"
checksum = "62f25bc4c7e55e0b0b7a1d43fb893f4fa1361d0abe38b9ce4f323c2adfe6ef42"
dependencies = [
 "bitflags",
]

[[package]]
name = "remove_dir_all"
version = "0.5.3"
source = "registry+https://github.com/rust-lang/crates.io-index"
checksum = "3acd125665422973a33ac9d3dd2df85edad0f4ae9b00dafb1a05e43a9f5ef8e7"
dependencies = [
 "winapi 0.3.9",
]

[[package]]
name = "rustc-demangle"
version = "0.1.21"
source = "registry+https://github.com/rust-lang/crates.io-index"
checksum = "7ef03e0a2b150c7a90d01faf6254c9c48a41e95fb2a8c2ac1c6f0d2b9aefc342"

[[package]]
name = "rustc_version"
version = "0.2.3"
source = "registry+https://github.com/rust-lang/crates.io-index"
checksum = "138e3e0acb6c9fb258b19b67cb8abd63c00679d2851805ea151465464fe9030a"
dependencies = [
 "semver",
]

[[package]]
name = "ryu"
version = "1.0.10"
source = "registry+https://github.com/rust-lang/crates.io-index"
checksum = "f3f6f92acf49d1b98f7a81226834412ada05458b7364277387724a237f062695"

[[package]]
name = "scoped-tls"
version = "0.1.2"
source = "registry+https://github.com/rust-lang/crates.io-index"
checksum = "332ffa32bf586782a3efaeb58f127980944bbc8c4d6913a86107ac2a5ab24b28"

[[package]]
name = "scopeguard"
version = "0.3.3"
source = "registry+https://github.com/rust-lang/crates.io-index"
checksum = "94258f53601af11e6a49f722422f6e3425c52b06245a5cf9bc09908b174f5e27"

[[package]]
name = "scopeguard"
version = "1.1.0"
source = "registry+https://github.com/rust-lang/crates.io-index"
checksum = "d29ab0c6d3fc0ee92fe66e2d99f700eab17a8d57d1c1d3b748380fb20baa78cd"

[[package]]
name = "semver"
version = "0.9.0"
source = "registry+https://github.com/rust-lang/crates.io-index"
checksum = "1d7eb9ef2c18661902cc47e535f9bc51b78acd254da71d375c2f6720d9a40403"
dependencies = [
 "semver-parser",
]

[[package]]
name = "semver-parser"
version = "0.7.0"
source = "registry+https://github.com/rust-lang/crates.io-index"
checksum = "388a1df253eca08550bef6c72392cfe7c30914bf41df5269b68cbd6ff8f570a3"

[[package]]
name = "serde"
version = "1.0.137"
source = "registry+https://github.com/rust-lang/crates.io-index"
checksum = "61ea8d54c77f8315140a05f4c7237403bf38b72704d031543aa1d16abbf517d1"

[[package]]
name = "serde_derive"
version = "1.0.137"
source = "registry+https://github.com/rust-lang/crates.io-index"
checksum = "1f26faba0c3959972377d3b2d306ee9f71faee9714294e41bb777f83f88578be"
dependencies = [
 "proc-macro2",
 "quote",
 "syn",
]

[[package]]
name = "serde_json"
version = "1.0.81"
source = "registry+https://github.com/rust-lang/crates.io-index"
checksum = "9b7ce2b32a1aed03c558dc61a5cd328f15aff2dbc17daad8fb8af04d2100e15c"
dependencies = [
 "itoa",
 "ryu",
 "serde",
]

[[package]]
name = "shared_library"
version = "0.1.9"
source = "registry+https://github.com/rust-lang/crates.io-index"
checksum = "5a9e7e0f2bfae24d8a5b5a66c5b257a83c7412304311512a0c054cd5e619da11"
dependencies = [
 "lazy_static",
 "libc",
]

[[package]]
name = "slab"
version = "0.3.0"
source = "registry+https://github.com/rust-lang/crates.io-index"
checksum = "17b4fcaed89ab08ef143da37bc52adbcc04d4a69014f4c1208d6b51f0c47bc23"

[[package]]
name = "slab"
version = "0.4.6"
source = "registry+https://github.com/rust-lang/crates.io-index"
checksum = "eb703cfe953bccee95685111adeedb76fabe4e97549a58d16f03ea7b9367bb32"

[[package]]
name = "smallvec"
version = "0.2.1"
source = "registry+https://github.com/rust-lang/crates.io-index"
checksum = "4c8cbcd6df1e117c2210e13ab5109635ad68a929fcbb8964dc965b76cb5ee013"

[[package]]
name = "smallvec"
version = "0.6.14"
source = "registry+https://github.com/rust-lang/crates.io-index"
checksum = "b97fcaeba89edba30f044a10c6a3cc39df9c3f17d7cd829dd1446cab35f890e0"
dependencies = [
 "maybe-uninit",
]

[[package]]
name = "smithay-client-toolkit"
version = "0.2.6"
source = "registry+https://github.com/rust-lang/crates.io-index"
checksum = "2051bffc6cbf271176e8ba1527f801b6444567daee15951ff5152aaaf7777b2f"
dependencies = [
 "bitflags",
 "byteorder",
 "dlib",
 "lazy_static",
 "memmap",
 "nix",
 "tempfile",
 "wayland-client",
 "wayland-commons",
 "wayland-protocols",
]

[[package]]
name = "stable_deref_trait"
version = "1.2.0"
source = "registry+https://github.com/rust-lang/crates.io-index"
checksum = "a8f112729512f8e442d81f95a8a7ddf2b7c6b8a1a6f509a95864142b30cab2d3"

[[package]]
name = "syn"
version = "1.0.98"
source = "registry+https://github.com/rust-lang/crates.io-index"
checksum = "c50aef8a904de4c23c788f104b7dddc7d6f79c647c7c8ce4cc8f73eb0ca773dd"
dependencies = [
 "proc-macro2",
 "quote",
 "unicode-ident",
]

[[package]]
name = "take"
version = "0.1.0"
source = "registry+https://github.com/rust-lang/crates.io-index"
checksum = "b157868d8ac1f56b64604539990685fa7611d8fa9e5476cf0c02cf34d32917c5"

[[package]]
name = "tempfile"
version = "3.3.0"
source = "registry+https://github.com/rust-lang/crates.io-index"
checksum = "5cdb1ef4eaeeaddc8fbd371e5017057064af0911902ef36b39801f67cc6d79e4"
dependencies = [
 "cfg-if 1.0.0",
 "fastrand",
 "libc",
 "redox_syscall 0.2.13",
 "remove_dir_all",
 "winapi 0.3.9",
]

[[package]]
name = "tokio"
version = "0.1.22"
source = "registry+https://github.com/rust-lang/crates.io-index"
checksum = "5a09c0b5bb588872ab2f09afa13ee6e9dac11e10a0ec9e8e3ba39a5a5d530af6"
dependencies = [
 "bytes",
 "futures",
 "mio",
 "num_cpus",
 "tokio-codec",
 "tokio-current-thread",
 "tokio-executor",
 "tokio-fs",
 "tokio-io",
 "tokio-reactor",
 "tokio-sync",
 "tokio-tcp",
 "tokio-threadpool",
 "tokio-timer",
 "tokio-udp",
 "tokio-uds",
]

[[package]]
name = "tokio-codec"
version = "0.1.2"
source = "registry+https://github.com/rust-lang/crates.io-index"
checksum = "25b2998660ba0e70d18684de5d06b70b70a3a747469af9dea7618cc59e75976b"
dependencies = [
 "bytes",
 "futures",
 "tokio-io",
]

[[package]]
name = "tokio-core"
version = "0.1.18"
source = "registry+https://github.com/rust-lang/crates.io-index"
checksum = "87b1395334443abca552f63d4f61d0486f12377c2ba8b368e523f89e828cffd4"
dependencies = [
 "bytes",
 "futures",
 "iovec",
 "log 0.4.17",
 "mio",
 "scoped-tls",
 "tokio",
 "tokio-executor",
 "tokio-io",
 "tokio-reactor",
 "tokio-timer",
]

[[package]]
name = "tokio-current-thread"
version = "0.1.7"
source = "registry+https://github.com/rust-lang/crates.io-index"
checksum = "b1de0e32a83f131e002238d7ccde18211c0a5397f60cbfffcb112868c2e0e20e"
dependencies = [
 "futures",
 "tokio-executor",
]

[[package]]
name = "tokio-executor"
version = "0.1.10"
source = "registry+https://github.com/rust-lang/crates.io-index"
checksum = "fb2d1b8f4548dbf5e1f7818512e9c406860678f29c300cdf0ebac72d1a3a1671"
dependencies = [
 "crossbeam-utils",
 "futures",
]

[[package]]
name = "tokio-fs"
version = "0.1.7"
source = "registry+https://github.com/rust-lang/crates.io-index"
checksum = "297a1206e0ca6302a0eed35b700d292b275256f596e2f3fea7729d5e629b6ff4"
dependencies = [
 "futures",
 "tokio-io",
 "tokio-threadpool",
]

[[package]]
name = "tokio-io"
version = "0.1.13"
source = "registry+https://github.com/rust-lang/crates.io-index"
checksum = "57fc868aae093479e3131e3d165c93b1c7474109d13c90ec0dda2a1bbfff0674"
dependencies = [
 "bytes",
 "futures",
 "log 0.4.17",
]

[[package]]
name = "tokio-proto"
version = "0.1.1"
source = "registry+https://github.com/rust-lang/crates.io-index"
checksum = "8fbb47ae81353c63c487030659494b295f6cb6576242f907f203473b191b0389"
dependencies = [
 "futures",
 "log 0.3.9",
 "net2",
 "rand 0.3.23",
 "slab 0.3.0",
 "smallvec 0.2.1",
 "take",
 "tokio-core",
 "tokio-io",
 "tokio-service",
]

[[package]]
name = "tokio-reactor"
version = "0.1.12"
source = "registry+https://github.com/rust-lang/crates.io-index"
checksum = "09bc590ec4ba8ba87652da2068d150dcada2cfa2e07faae270a5e0409aa51351"
dependencies = [
 "crossbeam-utils",
 "futures",
 "lazy_static",
 "log 0.4.17",
 "mio",
 "num_cpus",
 "parking_lot 0.9.0",
 "slab 0.4.6",
 "tokio-executor",
 "tokio-io",
 "tokio-sync",
]

[[package]]
name = "tokio-service"
version = "0.1.0"
source = "registry+https://github.com/rust-lang/crates.io-index"
checksum = "24da22d077e0f15f55162bdbdc661228c1581892f52074fb242678d015b45162"
dependencies = [
 "futures",
]

[[package]]
name = "tokio-sync"
version = "0.1.8"
source = "registry+https://github.com/rust-lang/crates.io-index"
checksum = "edfe50152bc8164fcc456dab7891fa9bf8beaf01c5ee7e1dd43a397c3cf87dee"
dependencies = [
 "fnv",
 "futures",
]

[[package]]
name = "tokio-tcp"
version = "0.1.4"
source = "registry+https://github.com/rust-lang/crates.io-index"
checksum = "98df18ed66e3b72e742f185882a9e201892407957e45fbff8da17ae7a7c51f72"
dependencies = [
 "bytes",
 "futures",
 "iovec",
 "mio",
 "tokio-io",
 "tokio-reactor",
]

[[package]]
name = "tokio-threadpool"
version = "0.1.18"
source = "registry+https://github.com/rust-lang/crates.io-index"
checksum = "df720b6581784c118f0eb4310796b12b1d242a7eb95f716a8367855325c25f89"
dependencies = [
 "crossbeam-deque",
 "crossbeam-queue",
 "crossbeam-utils",
 "futures",
 "lazy_static",
 "log 0.4.17",
 "num_cpus",
 "slab 0.4.6",
 "tokio-executor",
]

[[package]]
name = "tokio-timer"
version = "0.2.13"
source = "registry+https://github.com/rust-lang/crates.io-index"
checksum = "93044f2d313c95ff1cb7809ce9a7a05735b012288a888b62d4434fd58c94f296"
dependencies = [
 "crossbeam-utils",
 "futures",
 "slab 0.4.6",
 "tokio-executor",
]

[[package]]
name = "tokio-udp"
version = "0.1.6"
source = "registry+https://github.com/rust-lang/crates.io-index"
checksum = "e2a0b10e610b39c38b031a2fcab08e4b82f16ece36504988dcbd81dbba650d82"
dependencies = [
 "bytes",
 "futures",
 "log 0.4.17",
 "mio",
 "tokio-codec",
 "tokio-io",
 "tokio-reactor",
]

[[package]]
name = "tokio-uds"
version = "0.2.7"
source = "registry+https://github.com/rust-lang/crates.io-index"
checksum = "ab57a4ac4111c8c9dbcf70779f6fc8bc35ae4b2454809febac840ad19bd7e4e0"
dependencies = [
 "bytes",
 "futures",
 "iovec",
 "libc",
 "log 0.4.17",
 "mio",
 "mio-uds",
 "tokio-codec",
 "tokio-io",
 "tokio-reactor",
]

[[package]]
name = "unicode-ident"
version = "1.0.1"
source = "registry+https://github.com/rust-lang/crates.io-index"
checksum = "5bd2fe26506023ed7b5e1e315add59d6f584c621d037f9368fea9cfb988f368c"

[[package]]
name = "version_check"
version = "0.9.4"
source = "registry+https://github.com/rust-lang/crates.io-index"
checksum = "49874b5167b65d7193b8aba1567f5c7d93d001cafc34600cee003eda787e483f"

[[package]]
name = "void"
version = "1.0.2"
source = "registry+https://github.com/rust-lang/crates.io-index"
checksum = "6a02e4885ed3bc0f2de90ea6dd45ebcbb66dacffe03547fadbb0eeae2770887d"

[[package]]
name = "wayland-client"
version = "0.20.12"
source = "registry+https://github.com/rust-lang/crates.io-index"
checksum = "e7516a23419a55bd2e6d466c75a6a52c85718e5013660603289c2b8bee794b12"
dependencies = [
 "bitflags",
 "libc",
 "wayland-commons",
 "wayland-scanner",
 "wayland-sys",
]

[[package]]
name = "wayland-commons"
version = "0.20.12"
source = "registry+https://github.com/rust-lang/crates.io-index"
checksum = "d8609d59b95bf198bae4f3b064d55a712f2d529eec6aac98cc1f6e9cc911d47a"
dependencies = [
 "downcast-rs",
 "wayland-sys",
]

[[package]]
name = "wayland-protocols"
version = "0.20.12"
source = "registry+https://github.com/rust-lang/crates.io-index"
checksum = "bd4d31a96be6ecdbaddbf35200f5af2daee01be592afecd8feaf443d417e9230"
dependencies = [
 "bitflags",
 "wayland-client",
 "wayland-commons",
 "wayland-scanner",
 "wayland-sys",
]

[[package]]
name = "wayland-scanner"
version = "0.20.12"
source = "registry+https://github.com/rust-lang/crates.io-index"
checksum = "e674d85ae9c67cbbc590374d8f2e20a7a02fff87ce3a31fc52213afece8d05ad"
dependencies = [
 "xml-rs 0.7.0",
]

[[package]]
name = "wayland-sys"
version = "0.20.12"
source = "registry+https://github.com/rust-lang/crates.io-index"
checksum = "87c82ee658aa657fdfd7061f22e442030d921cfefc5bad68bcf41973e67922f7"
dependencies = [
 "dlib",
 "lazy_static",
]

[[package]]
name = "winapi"
version = "0.2.8"
source = "registry+https://github.com/rust-lang/crates.io-index"
checksum = "167dc9d6949a9b857f3451275e911c3f44255842c1f7a76f33c55103a909087a"

[[package]]
name = "winapi"
version = "0.3.9"
source = "registry+https://github.com/rust-lang/crates.io-index"
checksum = "5c839a674fcd7a98952e593242ea400abe93992746761e38641405d28b00f419"
dependencies = [
 "winapi-i686-pc-windows-gnu",
 "winapi-x86_64-pc-windows-gnu",
]

[[package]]
name = "winapi-build"
version = "0.1.1"
source = "registry+https://github.com/rust-lang/crates.io-index"
checksum = "2d315eee3b34aca4797b2da6b13ed88266e6d612562a0c46390af8299fc699bc"

[[package]]
name = "winapi-i686-pc-windows-gnu"
version = "0.4.0"
source = "registry+https://github.com/rust-lang/crates.io-index"
checksum = "ac3b87c63620426dd9b991e5ce0329eff545bccbbb34f3be09ff6fb6ab51b7b6"

[[package]]
name = "winapi-x86_64-pc-windows-gnu"
version = "0.4.0"
source = "registry+https://github.com/rust-lang/crates.io-index"
checksum = "712e227841d057c1ee1cd2fb22fa7e5a5461ae8e48fa2ca79ec42cfc1931183f"

[[package]]
name = "winit"
version = "0.16.2"
source = "registry+https://github.com/rust-lang/crates.io-index"
checksum = "ec43db5991cc509f5b0c68cb0a0d3614f697c888999990a186a2e895c7f723c0"
dependencies = [
 "android_glue",
 "cocoa",
 "core-foundation",
 "core-graphics",
 "lazy_static",
 "libc",
 "log 0.4.17",
 "objc",
 "parking_lot 0.6.4",
 "percent-encoding",
 "smithay-client-toolkit",
 "wayland-client",
 "winapi 0.3.9",
 "x11-dl",
]

[[package]]
name = "ws2_32-sys"
version = "0.2.1"
source = "registry+https://github.com/rust-lang/crates.io-index"
checksum = "d59cefebd0c892fa2dd6de581e937301d8552cb44489cdff035c6187cb63fa5e"
dependencies = [
 "winapi 0.2.8",
 "winapi-build",
]

[[package]]
name = "x11-dl"
version = "2.19.1"
source = "registry+https://github.com/rust-lang/crates.io-index"
checksum = "ea26926b4ce81a6f5d9d0f3a0bc401e5a37c6ae14a1bfaa8ff6099ca80038c59"
dependencies = [
 "lazy_static",
 "libc",
 "pkg-config",
]

[[package]]
name = "xml-rs"
version = "0.7.0"
source = "registry+https://github.com/rust-lang/crates.io-index"
checksum = "3c1cb601d29fe2c2ac60a2b2e5e293994d87a1f6fa9687a31a15270f909be9c2"
dependencies = [
 "bitflags",
]

[[package]]
name = "xml-rs"
version = "0.8.4"
source = "registry+https://github.com/rust-lang/crates.io-index"
checksum = "d2d7d3948613f75c98fd9328cfdcc45acc4d360655289d0a7d4ec931392200a3"
